// !$*UTF8*$!
{
	archiveVersion = 1;
	classes = {
	};
	objectVersion = 46;
	objects = {

/* Begin PBXBuildFile section */
		3ACDBB9C190FFF1E00998987 /* Foundation.framework in Frameworks */ = {isa = PBXBuildFile; fileRef = 3ACDBB9B190FFF1E00998987 /* Foundation.framework */; };
		3ACDBB9E190FFF1E00998987 /* CoreGraphics.framework in Frameworks */ = {isa = PBXBuildFile; fileRef = 3ACDBB9D190FFF1E00998987 /* CoreGraphics.framework */; };
		3ACDBBA0190FFF1E00998987 /* UIKit.framework in Frameworks */ = {isa = PBXBuildFile; fileRef = 3ACDBB9F190FFF1E00998987 /* UIKit.framework */; };
		3ACDBBA6190FFF1E00998987 /* InfoPlist.strings in Resources */ = {isa = PBXBuildFile; fileRef = 3ACDBBA4190FFF1E00998987 /* InfoPlist.strings */; };
		3ACDBBA8190FFF1E00998987 /* main.m in Sources */ = {isa = PBXBuildFile; fileRef = 3ACDBBA7190FFF1E00998987 /* main.m */; };
		3ACDBBAC190FFF1E00998987 /* IAAppDelegate.m in Sources */ = {isa = PBXBuildFile; fileRef = 3ACDBBAB190FFF1E00998987 /* IAAppDelegate.m */; };
		3ACDBBAF190FFF1E00998987 /* Main.storyboard in Resources */ = {isa = PBXBuildFile; fileRef = 3ACDBBAD190FFF1E00998987 /* Main.storyboard */; };
		3ACDBBB2190FFF1E00998987 /* IAViewController.m in Sources */ = {isa = PBXBuildFile; fileRef = 3ACDBBB1190FFF1E00998987 /* IAViewController.m */; };
		3ACDBBB4190FFF1E00998987 /* Images.xcassets in Resources */ = {isa = PBXBuildFile; fileRef = 3ACDBBB3190FFF1E00998987 /* Images.xcassets */; };
		3ACDBBBB190FFF1E00998987 /* XCTest.framework in Frameworks */ = {isa = PBXBuildFile; fileRef = 3ACDBBBA190FFF1E00998987 /* XCTest.framework */; };
		3ACDBBBC190FFF1E00998987 /* Foundation.framework in Frameworks */ = {isa = PBXBuildFile; fileRef = 3ACDBB9B190FFF1E00998987 /* Foundation.framework */; };
		3ACDBBBD190FFF1E00998987 /* UIKit.framework in Frameworks */ = {isa = PBXBuildFile; fileRef = 3ACDBB9F190FFF1E00998987 /* UIKit.framework */; };
		3ACDBBC5190FFF1E00998987 /* InfoPlist.strings in Resources */ = {isa = PBXBuildFile; fileRef = 3ACDBBC3190FFF1E00998987 /* InfoPlist.strings */; };
		3ACDBBC7190FFF1E00998987 /* TasksTests.m in Sources */ = {isa = PBXBuildFile; fileRef = 3ACDBBC6190FFF1E00998987 /* TasksTests.m */; };
/* End PBXBuildFile section */

/* Begin PBXContainerItemProxy section */
		3ACDBBBE190FFF1E00998987 /* PBXContainerItemProxy */ = {
			isa = PBXContainerItemProxy;
			containerPortal = 3ACDBB90190FFF1E00998987 /* Project object */;
			proxyType = 1;
			remoteGlobalIDString = 3ACDBB97190FFF1E00998987;
			remoteInfo = Tasks;
		};
/* End PBXContainerItemProxy section */

/* Begin PBXFileReference section */
		3ACDBB98190FFF1E00998987 /* Tasks.app */ = {isa = PBXFileReference; explicitFileType = wrapper.application; includeInIndex = 0; path = Tasks.app; sourceTree = BUILT_PRODUCTS_DIR; };
		3ACDBB9B190FFF1E00998987 /* Foundation.framework */ = {isa = PBXFileReference; lastKnownFileType = wrapper.framework; name = Foundation.framework; path = System/Library/Frameworks/Foundation.framework; sourceTree = SDKROOT; };
		3ACDBB9D190FFF1E00998987 /* CoreGraphics.framework */ = {isa = PBXFileReference; lastKnownFileType = wrapper.framework; name = CoreGraphics.framework; path = System/Library/Frameworks/CoreGraphics.framework; sourceTree = SDKROOT; };
		3ACDBB9F190FFF1E00998987 /* UIKit.framework */ = {isa = PBXFileReference; lastKnownFileType = wrapper.framework; name = UIKit.framework; path = System/Library/Frameworks/UIKit.framework; sourceTree = SDKROOT; };
		3ACDBBA3190FFF1E00998987 /* Tasks-Info.plist */ = {isa = PBXFileReference; lastKnownFileType = text.plist.xml; path = "Tasks-Info.plist"; sourceTree = "<group>"; };
		3ACDBBA5190FFF1E00998987 /* en */ = {isa = PBXFileReference; lastKnownFileType = text.plist.strings; name = en; path = en.lproj/InfoPlist.strings; sourceTree = "<group>"; };
		3ACDBBA7190FFF1E00998987 /* main.m */ = {isa = PBXFileReference; lastKnownFileType = sourcecode.c.objc; path = main.m; sourceTree = "<group>"; };
		3ACDBBA9190FFF1E00998987 /* Tasks-Prefix.pch */ = {isa = PBXFileReference; lastKnownFileType = sourcecode.c.h; path = "Tasks-Prefix.pch"; sourceTree = "<group>"; };
		3ACDBBAA190FFF1E00998987 /* IAAppDelegate.h */ = {isa = PBXFileReference; lastKnownFileType = sourcecode.c.h; path = IAAppDelegate.h; sourceTree = "<group>"; };
		3ACDBBAB190FFF1E00998987 /* IAAppDelegate.m */ = {isa = PBXFileReference; lastKnownFileType = sourcecode.c.objc; path = IAAppDelegate.m; sourceTree = "<group>"; };
		3ACDBBAE190FFF1E00998987 /* Base */ = {isa = PBXFileReference; lastKnownFileType = file.storyboard; name = Base; path = Base.lproj/Main.storyboard; sourceTree = "<group>"; };
		3ACDBBB0190FFF1E00998987 /* IAViewController.h */ = {isa = PBXFileReference; lastKnownFileType = sourcecode.c.h; path = IAViewController.h; sourceTree = "<group>"; };
		3ACDBBB1190FFF1E00998987 /* IAViewController.m */ = {isa = PBXFileReference; lastKnownFileType = sourcecode.c.objc; path = IAViewController.m; sourceTree = "<group>"; };
		3ACDBBB3190FFF1E00998987 /* Images.xcassets */ = {isa = PBXFileReference; lastKnownFileType = folder.assetcatalog; path = Images.xcassets; sourceTree = "<group>"; };
		3ACDBBB9190FFF1E00998987 /* TasksTests.xctest */ = {isa = PBXFileReference; explicitFileType = wrapper.cfbundle; includeInIndex = 0; path = TasksTests.xctest; sourceTree = BUILT_PRODUCTS_DIR; };
		3ACDBBBA190FFF1E00998987 /* XCTest.framework */ = {isa = PBXFileReference; lastKnownFileType = wrapper.framework; name = XCTest.framework; path = Library/Frameworks/XCTest.framework; sourceTree = DEVELOPER_DIR; };
		3ACDBBC2190FFF1E00998987 /* TasksTests-Info.plist */ = {isa = PBXFileReference; lastKnownFileType = text.plist.xml; path = "TasksTests-Info.plist"; sourceTree = "<group>"; };
		3ACDBBC4190FFF1E00998987 /* en */ = {isa = PBXFileReference; lastKnownFileType = text.plist.strings; name = en; path = en.lproj/InfoPlist.strings; sourceTree = "<group>"; };
		3ACDBBC6190FFF1E00998987 /* TasksTests.m */ = {isa = PBXFileReference; lastKnownFileType = sourcecode.c.objc; path = TasksTests.m; sourceTree = "<group>"; };
/* End PBXFileReference section */

/* Begin PBXFrameworksBuildPhase section */
		3ACDBB95190FFF1E00998987 /* Frameworks */ = {
			isa = PBXFrameworksBuildPhase;
			buildActionMask = 2147483647;
			files = (
				3ACDBB9E190FFF1E00998987 /* CoreGraphics.framework in Frameworks */,
				3ACDBBA0190FFF1E00998987 /* UIKit.framework in Frameworks */,
				3ACDBB9C190FFF1E00998987 /* Foundation.framework in Frameworks */,
			);
			runOnlyForDeploymentPostprocessing = 0;
		};
		3ACDBBB6190FFF1E00998987 /* Frameworks */ = {
			isa = PBXFrameworksBuildPhase;
			buildActionMask = 2147483647;
			files = (
				3ACDBBBB190FFF1E00998987 /* XCTest.framework in Frameworks */,
				3ACDBBBD190FFF1E00998987 /* UIKit.framework in Frameworks */,
				3ACDBBBC190FFF1E00998987 /* Foundation.framework in Frameworks */,
			);
			runOnlyForDeploymentPostprocessing = 0;
		};
/* End PBXFrameworksBuildPhase section */

/* Begin PBXGroup section */
		3ACDBB8F190FFF1E00998987 = {
			isa = PBXGroup;
			children = (
				3ACDBBA1190FFF1E00998987 /* Tasks */,
				3ACDBBC0190FFF1E00998987 /* TasksTests */,
				3ACDBB9A190FFF1E00998987 /* Frameworks */,
				3ACDBB99190FFF1E00998987 /* Products */,
			);
			sourceTree = "<group>";
		};
		3ACDBB99190FFF1E00998987 /* Products */ = {
			isa = PBXGroup;
			children = (
				3ACDBB98190FFF1E00998987 /* Tasks.app */,
				3ACDBBB9190FFF1E00998987 /* TasksTests.xctest */,
			);
			name = Products;
			sourceTree = "<group>";
		};
		3ACDBB9A190FFF1E00998987 /* Frameworks */ = {
			isa = PBXGroup;
			children = (
				3ACDBB9B190FFF1E00998987 /* Foundation.framework */,
				3ACDBB9D190FFF1E00998987 /* CoreGraphics.framework */,
				3ACDBB9F190FFF1E00998987 /* UIKit.framework */,
				3ACDBBBA190FFF1E00998987 /* XCTest.framework */,
			);
			name = Frameworks;
			sourceTree = "<group>";
		};
		3ACDBBA1190FFF1E00998987 /* Tasks */ = {
			isa = PBXGroup;
			children = (
				3ACDBBAA190FFF1E00998987 /* IAAppDelegate.h */,
				3ACDBBAB190FFF1E00998987 /* IAAppDelegate.m */,
				3ACDBBAD190FFF1E00998987 /* Main.storyboard */,
				3ACDBBB0190FFF1E00998987 /* IAViewController.h */,
				3ACDBBB1190FFF1E00998987 /* IAViewController.m */,
				3ACDBBB3190FFF1E00998987 /* Images.xcassets */,
				3ACDBBA2190FFF1E00998987 /* Supporting Files */,
			);
			path = Tasks;
			sourceTree = "<group>";
		};
		3ACDBBA2190FFF1E00998987 /* Supporting Files */ = {
			isa = PBXGroup;
			children = (
				3ACDBBA3190FFF1E00998987 /* Tasks-Info.plist */,
				3ACDBBA4190FFF1E00998987 /* InfoPlist.strings */,
				3ACDBBA7190FFF1E00998987 /* main.m */,
				3ACDBBA9190FFF1E00998987 /* Tasks-Prefix.pch */,
			);
			name = "Supporting Files";
			sourceTree = "<group>";
		};
		3ACDBBC0190FFF1E00998987 /* TasksTests */ = {
			isa = PBXGroup;
			children = (
				3ACDBBC6190FFF1E00998987 /* TasksTests.m */,
				3ACDBBC1190FFF1E00998987 /* Supporting Files */,
			);
			path = TasksTests;
			sourceTree = "<group>";
		};
		3ACDBBC1190FFF1E00998987 /* Supporting Files */ = {
			isa = PBXGroup;
			children = (
				3ACDBBC2190FFF1E00998987 /* TasksTests-Info.plist */,
				3ACDBBC3190FFF1E00998987 /* InfoPlist.strings */,
			);
			name = "Supporting Files";
			sourceTree = "<group>";
		};
/* End PBXGroup section */

/* Begin PBXNativeTarget section */
		3ACDBB97190FFF1E00998987 /* Tasks */ = {
			isa = PBXNativeTarget;
			buildConfigurationList = 3ACDBBCA190FFF1E00998987 /* Build configuration list for PBXNativeTarget "Tasks" */;
			buildPhases = (
				3ACDBB94190FFF1E00998987 /* Sources */,
				3ACDBB95190FFF1E00998987 /* Frameworks */,
				3ACDBB96190FFF1E00998987 /* Resources */,
			);
			buildRules = (
			);
			dependencies = (
			);
			name = Tasks;
			productName = Tasks;
			productReference = 3ACDBB98190FFF1E00998987 /* Tasks.app */;
			productType = "com.apple.product-type.application";
		};
		3ACDBBB8190FFF1E00998987 /* TasksTests */ = {
			isa = PBXNativeTarget;
			buildConfigurationList = 3ACDBBCD190FFF1E00998987 /* Build configuration list for PBXNativeTarget "TasksTests" */;
			buildPhases = (
				3ACDBBB5190FFF1E00998987 /* Sources */,
				3ACDBBB6190FFF1E00998987 /* Frameworks */,
				3ACDBBB7190FFF1E00998987 /* Resources */,
			);
			buildRules = (
			);
			dependencies = (
				3ACDBBBF190FFF1E00998987 /* PBXTargetDependency */,
			);
			name = TasksTests;
			productName = TasksTests;
			productReference = 3ACDBBB9190FFF1E00998987 /* TasksTests.xctest */;
			productType = "com.apple.product-type.bundle.unit-test";
		};
/* End PBXNativeTarget section */

/* Begin PBXProject section */
		3ACDBB90190FFF1E00998987 /* Project object */ = {
			isa = PBXProject;
			attributes = {
				CLASSPREFIX = IA;
				LastUpgradeCheck = 0510;
				ORGANIZATIONNAME = "iOS in Action";
				TargetAttributes = {
					3ACDBBB8190FFF1E00998987 = {
						TestTargetID = 3ACDBB97190FFF1E00998987;
					};
				};
			};
			buildConfigurationList = 3ACDBB93190FFF1E00998987 /* Build configuration list for PBXProject "Tasks" */;
			compatibilityVersion = "Xcode 3.2";
			developmentRegion = English;
			hasScannedForEncodings = 0;
			knownRegions = (
				en,
				Base,
			);
			mainGroup = 3ACDBB8F190FFF1E00998987;
			productRefGroup = 3ACDBB99190FFF1E00998987 /* Products */;
			projectDirPath = "";
			projectRoot = "";
			targets = (
				3ACDBB97190FFF1E00998987 /* Tasks */,
				3ACDBBB8190FFF1E00998987 /* TasksTests */,
			);
		};
/* End PBXProject section */

/* Begin PBXResourcesBuildPhase section */
		3ACDBB96190FFF1E00998987 /* Resources */ = {
			isa = PBXResourcesBuildPhase;
			buildActionMask = 2147483647;
			files = (
				3ACDBBB4190FFF1E00998987 /* Images.xcassets in Resources */,
				3ACDBBA6190FFF1E00998987 /* InfoPlist.strings in Resources */,
				3ACDBBAF190FFF1E00998987 /* Main.storyboard in Resources */,
			);
			runOnlyForDeploymentPostprocessing = 0;
		};
		3ACDBBB7190FFF1E00998987 /* Resources */ = {
			isa = PBXResourcesBuildPhase;
			buildActionMask = 2147483647;
			files = (
				3ACDBBC5190FFF1E00998987 /* InfoPlist.strings in Resources */,
			);
			runOnlyForDeploymentPostprocessing = 0;
		};
/* End PBXResourcesBuildPhase section */

/* Begin PBXSourcesBuildPhase section */
		3ACDBB94190FFF1E00998987 /* Sources */ = {
			isa = PBXSourcesBuildPhase;
			buildActionMask = 2147483647;
			files = (
				3ACDBBAC190FFF1E00998987 /* IAAppDelegate.m in Sources */,
				3ACDBBA8190FFF1E00998987 /* main.m in Sources */,
				3ACDBBB2190FFF1E00998987 /* IAViewController.m in Sources */,
			);
			runOnlyForDeploymentPostprocessing = 0;
		};
		3ACDBBB5190FFF1E00998987 /* Sources */ = {
			isa = PBXSourcesBuildPhase;
			buildActionMask = 2147483647;
			files = (
				3ACDBBC7190FFF1E00998987 /* TasksTests.m in Sources */,
			);
			runOnlyForDeploymentPostprocessing = 0;
		};
/* End PBXSourcesBuildPhase section */

/* Begin PBXTargetDependency section */
		3ACDBBBF190FFF1E00998987 /* PBXTargetDependency */ = {
			isa = PBXTargetDependency;
			target = 3ACDBB97190FFF1E00998987 /* Tasks */;
			targetProxy = 3ACDBBBE190FFF1E00998987 /* PBXContainerItemProxy */;
		};
/* End PBXTargetDependency section */

/* Begin PBXVariantGroup section */
		3ACDBBA4190FFF1E00998987 /* InfoPlist.strings */ = {
			isa = PBXVariantGroup;
			children = (
				3ACDBBA5190FFF1E00998987 /* en */,
			);
			name = InfoPlist.strings;
			sourceTree = "<group>";
		};
		3ACDBBAD190FFF1E00998987 /* Main.storyboard */ = {
			isa = PBXVariantGroup;
			children = (
				3ACDBBAE190FFF1E00998987 /* Base */,
			);
			name = Main.storyboard;
			sourceTree = "<group>";
		};
		3ACDBBC3190FFF1E00998987 /* InfoPlist.strings */ = {
			isa = PBXVariantGroup;
			children = (
				3ACDBBC4190FFF1E00998987 /* en */,
			);
			name = InfoPlist.strings;
			sourceTree = "<group>";
		};
/* End PBXVariantGroup section */

/* Begin XCBuildConfiguration section */
		3ACDBBC8190FFF1E00998987 /* Debug */ = {
			isa = XCBuildConfiguration;
			buildSettings = {
				ALWAYS_SEARCH_USER_PATHS = NO;
				CLANG_CXX_LANGUAGE_STANDARD = "gnu++0x";
				CLANG_CXX_LIBRARY = "libc++";
				CLANG_ENABLE_MODULES = YES;
				CLANG_ENABLE_OBJC_ARC = YES;
				CLANG_WARN_BOOL_CONVERSION = YES;
				CLANG_WARN_CONSTANT_CONVERSION = YES;
				CLANG_WARN_DIRECT_OBJC_ISA_USAGE = YES_ERROR;
				CLANG_WARN_EMPTY_BODY = YES;
				CLANG_WARN_ENUM_CONVERSION = YES;
				CLANG_WARN_INT_CONVERSION = YES;
				CLANG_WARN_OBJC_ROOT_CLASS = YES_ERROR;
				CLANG_WARN__DUPLICATE_METHOD_MATCH = YES;
				"CODE_SIGN_IDENTITY[sdk=iphoneos*]" = "iPhone Developer";
				COPY_PHASE_STRIP = NO;
				GCC_C_LANGUAGE_STANDARD = gnu99;
				GCC_DYNAMIC_NO_PIC = NO;
				GCC_OPTIMIZATION_LEVEL = 0;
				GCC_PREPROCESSOR_DEFINITIONS = (
					"DEBUG=1",
					"$(inherited)",
				);
				GCC_SYMBOLS_PRIVATE_EXTERN = NO;
				GCC_WARN_64_TO_32_BIT_CONVERSION = YES;
				GCC_WARN_ABOUT_RETURN_TYPE = YES_ERROR;
				GCC_WARN_UNDECLARED_SELECTOR = YES;
				GCC_WARN_UNINITIALIZED_AUTOS = YES_AGGRESSIVE;
				GCC_WARN_UNUSED_FUNCTION = YES;
				GCC_WARN_UNUSED_VARIABLE = YES;
				IPHONEOS_DEPLOYMENT_TARGET = 7.1;
				ONLY_ACTIVE_ARCH = YES;
				SDKROOT = iphoneos;
			};
			name = Debug;
		};
		3ACDBBC9190FFF1E00998987 /* Release */ = {
			isa = XCBuildConfiguration;
			buildSettings = {
				ALWAYS_SEARCH_USER_PATHS = NO;
				CLANG_CXX_LANGUAGE_STANDARD = "gnu++0x";
				CLANG_CXX_LIBRARY = "libc++";
				CLANG_ENABLE_MODULES = YES;
				CLANG_ENABLE_OBJC_ARC = YES;
				CLANG_WARN_BOOL_CONVERSION = YES;
				CLANG_WARN_CONSTANT_CONVERSION = YES;
				CLANG_WARN_DIRECT_OBJC_ISA_USAGE = YES_ERROR;
				CLANG_WARN_EMPTY_BODY = YES;
				CLANG_WARN_ENUM_CONVERSION = YES;
				CLANG_WARN_INT_CONVERSION = YES;
				CLANG_WARN_OBJC_ROOT_CLASS = YES_ERROR;
				CLANG_WARN__DUPLICATE_METHOD_MATCH = YES;
				"CODE_SIGN_IDENTITY[sdk=iphoneos*]" = "iPhone Developer";
				COPY_PHASE_STRIP = YES;
				ENABLE_NS_ASSERTIONS = NO;
				GCC_C_LANGUAGE_STANDARD = gnu99;
				GCC_WARN_64_TO_32_BIT_CONVERSION = YES;
				GCC_WARN_ABOUT_RETURN_TYPE = YES_ERROR;
				GCC_WARN_UNDECLARED_SELECTOR = YES;
				GCC_WARN_UNINITIALIZED_AUTOS = YES_AGGRESSIVE;
				GCC_WARN_UNUSED_FUNCTION = YES;
				GCC_WARN_UNUSED_VARIABLE = YES;
				IPHONEOS_DEPLOYMENT_TARGET = 7.1;
				SDKROOT = iphoneos;
				VALIDATE_PRODUCT = YES;
			};
			name = Release;
		};
		3ACDBBCB190FFF1E00998987 /* Debug */ = {
			isa = XCBuildConfiguration;
			buildSettings = {
				ASSETCATALOG_COMPILER_APPICON_NAME = AppIcon;
				ASSETCATALOG_COMPILER_LAUNCHIMAGE_NAME = LaunchImage;
				GCC_PRECOMPILE_PREFIX_HEADER = YES;
				GCC_PREFIX_HEADER = "Tasks/Tasks-Prefix.pch";
				INFOPLIST_FILE = "Tasks/Tasks-Info.plist";
				PRODUCT_NAME = "$(TARGET_NAME)";
				WRAPPER_EXTENSION = app;
			};
			name = Debug;
		};
		3ACDBBCC190FFF1E00998987 /* Release */ = {
			isa = XCBuildConfiguration;
			buildSettings = {
				ASSETCATALOG_COMPILER_APPICON_NAME = AppIcon;
				ASSETCATALOG_COMPILER_LAUNCHIMAGE_NAME = LaunchImage;
				GCC_PRECOMPILE_PREFIX_HEADER = YES;
				GCC_PREFIX_HEADER = "Tasks/Tasks-Prefix.pch";
				INFOPLIST_FILE = "Tasks/Tasks-Info.plist";
				PRODUCT_NAME = "$(TARGET_NAME)";
				WRAPPER_EXTENSION = app;
			};
			name = Release;
		};
		3ACDBBCE190FFF1E00998987 /* Debug */ = {
			isa = XCBuildConfiguration;
			buildSettings = {
				BUNDLE_LOADER = "$(BUILT_PRODUCTS_DIR)/Tasks.app/Tasks";
				FRAMEWORK_SEARCH_PATHS = (
					"$(SDKROOT)/Developer/Library/Frameworks",
					"$(inherited)",
					"$(DEVELOPER_FRAMEWORKS_DIR)",
				);
				GCC_PRECOMPILE_PREFIX_HEADER = YES;
				GCC_PREFIX_HEADER = "Tasks/Tasks-Prefix.pch";
				GCC_PREPROCESSOR_DEFINITIONS = (
					"DEBUG=1",
					"$(inherited)",
				);
				INFOPLIST_FILE = "TasksTests/TasksTests-Info.plist";
				PRODUCT_NAME = "$(TARGET_NAME)";
				TEST_HOST = "$(BUNDLE_LOADER)";
				WRAPPER_EXTENSION = xctest;
			};
			name = Debug;
		};
		3ACDBBCF190FFF1E00998987 /* Release */ = {
			isa = XCBuildConfiguration;
			buildSettings = {
				BUNDLE_LOADER = "$(BUILT_PRODUCTS_DIR)/Tasks.app/Tasks";
				FRAMEWORK_SEARCH_PATHS = (
					"$(SDKROOT)/Developer/Library/Frameworks",
					"$(inherited)",
					"$(DEVELOPER_FRAMEWORKS_DIR)",
				);
				GCC_PRECOMPILE_PREFIX_HEADER = YES;
				GCC_PREFIX_HEADER = "Tasks/Tasks-Prefix.pch";
				INFOPLIST_FILE = "TasksTests/TasksTests-Info.plist";
				PRODUCT_NAME = "$(TARGET_NAME)";
				TEST_HOST = "$(BUNDLE_LOADER)";
				WRAPPER_EXTENSION = xctest;
			};
			name = Release;
		};
/* End XCBuildConfiguration section */

/* Begin XCConfigurationList section */
		3ACDBB93190FFF1E00998987 /* Build configuration list for PBXProject "Tasks" */ = {
			isa = XCConfigurationList;
			buildConfigurations = (
				3ACDBBC8190FFF1E00998987 /* Debug */,
				3ACDBBC9190FFF1E00998987 /* Release */,
			);
			defaultConfigurationIsVisible = 0;
			defaultConfigurationName = Release;
		};
		3ACDBBCA190FFF1E00998987 /* Build configuration list for PBXNativeTarget "Tasks" */ = {
			isa = XCConfigurationList;
			buildConfigurations = (
				3ACDBBCB190FFF1E00998987 /* Debug */,
				3ACDBBCC190FFF1E00998987 /* Release */,
			);
			defaultConfigurationIsVisible = 0;
		};
		3ACDBBCD190FFF1E00998987 /* Build configuration list for PBXNativeTarget "TasksTests" */ = {
			isa = XCConfigurationList;
			buildConfigurations = (
				3ACDBBCE190FFF1E00998987 /* Debug */,
				3ACDBBCF190FFF1E00998987 /* Release */,
			);
			defaultConfigurationIsVisible = 0;
		};
/* End XCConfigurationList section */
	};
	rootObject = 3ACDBB90190FFF1E00998987 /* Project object */;
}
